// !$*UTF8*$!
{
	archiveVersion = 1;
	classes = {
	};
	objectVersion = 50;
	objects = {

/* Begin PBXBuildFile section */
		AA4F397E20FCD4DD0070AF85 /* AppDelegate.swift in Sources */ = {isa = PBXBuildFile; fileRef = AA4F397D20FCD4DD0070AF85 /* AppDelegate.swift */; };
		AA4F398020FCD4DD0070AF85 /* ViewController.swift in Sources */ = {isa = PBXBuildFile; fileRef = AA4F397F20FCD4DD0070AF85 /* ViewController.swift */; };
		AA4F398320FCD4DD0070AF85 /* Main.storyboard in Resources */ = {isa = PBXBuildFile; fileRef = AA4F398120FCD4DD0070AF85 /* Main.storyboard */; };
		AA4F398520FCD4DE0070AF85 /* Assets.xcassets in Resources */ = {isa = PBXBuildFile; fileRef = AA4F398420FCD4DE0070AF85 /* Assets.xcassets */; };
		AA4F398820FCD4DE0070AF85 /* LaunchScreen.storyboard in Resources */ = {isa = PBXBuildFile; fileRef = AA4F398620FCD4DE0070AF85 /* LaunchScreen.storyboard */; };
		AA4F399220FCD8650070AF85 /* image1.png in Resources */ = {isa = PBXBuildFile; fileRef = AA4F399120FCD8650070AF85 /* image1.png */; };
		AA4F399320FCDAD70070AF85 /* sound.caf in Resources */ = {isa = PBXBuildFile; fileRef = AA4F398F20FCD8000070AF85 /* sound.caf */; };
/* End PBXBuildFile section */

/* Begin PBXFileReference section */
		AA4F397A20FCD4DD0070AF85 /* LocalNotificationsExample.app */ = {isa = PBXFileReference; explicitFileType = wrapper.application; includeInIndex = 0; path = LocalNotificationsExample.app; sourceTree = BUILT_PRODUCTS_DIR; };
		AA4F397D20FCD4DD0070AF85 /* AppDelegate.swift */ = {isa = PBXFileReference; lastKnownFileType = sourcecode.swift; path = AppDelegate.swift; sourceTree = "<group>"; };
		AA4F397F20FCD4DD0070AF85 /* ViewController.swift */ = {isa = PBXFileReference; lastKnownFileType = sourcecode.swift; path = ViewController.swift; sourceTree = "<group>"; };
		AA4F398220FCD4DD0070AF85 /* Base */ = {isa = PBXFileReference; lastKnownFileType = file.storyboard; name = Base; path = Base.lproj/Main.storyboard; sourceTree = "<group>"; };
		AA4F398420FCD4DE0070AF85 /* Assets.xcassets */ = {isa = PBXFileReference; lastKnownFileType = folder.assetcatalog; path = Assets.xcassets; sourceTree = "<group>"; };
		AA4F398720FCD4DE0070AF85 /* Base */ = {isa = PBXFileReference; lastKnownFileType = file.storyboard; name = Base; path = Base.lproj/LaunchScreen.storyboard; sourceTree = "<group>"; };
		AA4F398920FCD4DE0070AF85 /* Info.plist */ = {isa = PBXFileReference; lastKnownFileType = text.plist.xml; path = Info.plist; sourceTree = "<group>"; };
		AA4F398F20FCD8000070AF85 /* sound.caf */ = {isa = PBXFileReference; lastKnownFileType = file; path = sound.caf; sourceTree = "<group>"; };
		AA4F399120FCD8650070AF85 /* image1.png */ = {isa = PBXFileReference; lastKnownFileType = image.png; name = image1.png; path = ../../image1.png; sourceTree = "<group>"; };
/* End PBXFileReference section */

/* Begin PBXFrameworksBuildPhase section */
		AA4F397720FCD4DD0070AF85 /* Frameworks */ = {
			isa = PBXFrameworksBuildPhase;
			buildActionMask = 2147483647;
			files = (
			);
			runOnlyForDeploymentPostprocessing = 0;
		};
/* End PBXFrameworksBuildPhase section */

/* Begin PBXGroup section */
		AA4F397120FCD4DD0070AF85 = {
			isa = PBXGroup;
			children = (
				AA4F398F20FCD8000070AF85 /* sound.caf */,
				AA4F397C20FCD4DD0070AF85 /* LocalNotificationsExample */,
				AA4F397B20FCD4DD0070AF85 /* Products */,
			);
			sourceTree = "<group>";
		};
		AA4F397B20FCD4DD0070AF85 /* Products */ = {
			isa = PBXGroup;
			children = (
				AA4F397A20FCD4DD0070AF85 /* LocalNotificationsExample.app */,
			);
			name = Products;
			sourceTree = "<group>";
		};
		AA4F397C20FCD4DD0070AF85 /* LocalNotificationsExample */ = {
			isa = PBXGroup;
			children = (
				AA4F397D20FCD4DD0070AF85 /* AppDelegate.swift */,
				AA4F399120FCD8650070AF85 /* image1.png */,
				AA4F397F20FCD4DD0070AF85 /* ViewController.swift */,
				AA4F398120FCD4DD0070AF85 /* Main.storyboard */,
				AA4F398420FCD4DE0070AF85 /* Assets.xcassets */,
				AA4F398620FCD4DE0070AF85 /* LaunchScreen.storyboard */,
				AA4F398920FCD4DE0070AF85 /* Info.plist */,
			);
			path = LocalNotificationsExample;
			sourceTree = "<group>";
		};
/* End PBXGroup section */

/* Begin PBXNativeTarget section */
		AA4F397920FCD4DD0070AF85 /* LocalNotificationsExample */ = {
			isa = PBXNativeTarget;
			buildConfigurationList = AA4F398C20FCD4DE0070AF85 /* Build configuration list for PBXNativeTarget "LocalNotificationsExample" */;
			buildPhases = (
				AA4F397620FCD4DD0070AF85 /* Sources */,
				AA4F397720FCD4DD0070AF85 /* Frameworks */,
				AA4F397820FCD4DD0070AF85 /* Resources */,
			);
			buildRules = (
			);
			dependencies = (
			);
			name = LocalNotificationsExample;
			productName = LocalNotificationsExample;
			productReference = AA4F397A20FCD4DD0070AF85 /* LocalNotificationsExample.app */;
			productType = "com.apple.product-type.application";
		};
/* End PBXNativeTarget section */

/* Begin PBXProject section */
		AA4F397220FCD4DD0070AF85 /* Project object */ = {
			isa = PBXProject;
			attributes = {
				LastSwiftUpdateCheck = 0940;
				LastUpgradeCheck = 0940;
				ORGANIZATIONNAME = steve;
				TargetAttributes = {
					AA4F397920FCD4DD0070AF85 = {
						CreatedOnToolsVersion = 9.4.1;
					};
				};
			};
			buildConfigurationList = AA4F397520FCD4DD0070AF85 /* Build configuration list for PBXProject "LocalNotificationsExample" */;
			compatibilityVersion = "Xcode 9.3";
			developmentRegion = en;
			hasScannedForEncodings = 0;
			knownRegions = (
				en,
				Base,
			);
			mainGroup = AA4F397120FCD4DD0070AF85;
			productRefGroup = AA4F397B20FCD4DD0070AF85 /* Products */;
			projectDirPath = "";
			projectRoot = "";
			targets = (
				AA4F397920FCD4DD0070AF85 /* LocalNotificationsExample */,
			);
		};
/* End PBXProject section */

/* Begin PBXResourcesBuildPhase section */
		AA4F397820FCD4DD0070AF85 /* Resources */ = {
			isa = PBXResourcesBuildPhase;
			buildActionMask = 2147483647;
			files = (
				AA4F398820FCD4DE0070AF85 /* LaunchScreen.storyboard in Resources */,
				AA4F399220FCD8650070AF85 /* image1.png in Resources */,
				AA4F399320FCDAD70070AF85 /* sound.caf in Resources */,
				AA4F398520FCD4DE0070AF85 /* Assets.xcassets in Resources */,
				AA4F398320FCD4DD0070AF85 /* Main.storyboard in Resources */,
			);
			runOnlyForDeploymentPostprocessing = 0;
		};
/* End PBXResourcesBuildPhase section */

/* Begin PBXSourcesBuildPhase section */
		AA4F397620FCD4DD0070AF85 /* Sources */ = {
			isa = PBXSourcesBuildPhase;
			buildActionMask = 2147483647;
			files = (
				AA4F398020FCD4DD0070AF85 /* ViewController.swift in Sources */,
				AA4F397E20FCD4DD0070AF85 /* AppDelegate.swift in Sources */,
			);
			runOnlyForDeploymentPostprocessing = 0;
		};
/* End PBXSourcesBuildPhase section */

/* Begin PBXVariantGroup section */
		AA4F398120FCD4DD0070AF85 /* Main.storyboard */ = {
			isa = PBXVariantGroup;
			children = (
				AA4F398220FCD4DD0070AF85 /* Base */,
			);
			name = Main.storyboard;
			sourceTree = "<group>";
		};
		AA4F398620FCD4DE0070AF85 /* LaunchScreen.storyboard */ = {
			isa = PBXVariantGroup;
			children = (
				AA4F398720FCD4DE0070AF85 /* Base */,
			);
			name = LaunchScreen.storyboard;
			sourceTree = "<group>";
		};
/* End PBXVariantGroup section */

/* Begin XCBuildConfiguration section */
		AA4F398A20FCD4DE0070AF85 /* Debug */ = {
			isa = XCBuildConfiguration;
			buildSettings = {
				ALWAYS_SEARCH_USER_PATHS = NO;
				CLANG_ANALYZER_NONNULL = YES;
				CLANG_ANALYZER_NUMBER_OBJECT_CONVERSION = YES_AGGRESSIVE;
				CLANG_CXX_LANGUAGE_STANDARD = "gnu++14";
				CLANG_CXX_LIBRARY = "libc++";
				CLANG_ENABLE_MODULES = YES;
				CLANG_ENABLE_OBJC_ARC = YES;
				CLANG_ENABLE_OBJC_WEAK = YES;
				CLANG_WARN_BLOCK_CAPTURE_AUTORELEASING = YES;
				CLANG_WARN_BOOL_CONVERSION = YES;
				CLANG_WARN_COMMA = YES;
				CLANG_WARN_CONSTANT_CONVERSION = YES;
				CLANG_WARN_DEPRECATED_OBJC_IMPLEMENTATIONS = YES;
				CLANG_WARN_DIRECT_OBJC_ISA_USAGE = YES_ERROR;
				CLANG_WARN_DOCUMENTATION_COMMENTS = YES;
				CLANG_WARN_EMPTY_BODY = YES;
				CLANG_WARN_ENUM_CONVERSION = YES;
				CLANG_WARN_INFINITE_RECURSION = YES;
				CLANG_WARN_INT_CONVERSION = YES;
				CLANG_WARN_NON_LITERAL_NULL_CONVERSION = YES;
				CLANG_WARN_OBJC_IMPLICIT_RETAIN_SELF = YES;
				CLANG_WARN_OBJC_LITERAL_CONVERSION = YES;
				CLANG_WARN_OBJC_ROOT_CLASS = YES_ERROR;
				CLANG_WARN_RANGE_LOOP_ANALYSIS = YES;
				CLANG_WARN_STRICT_PROTOTYPES = YES;
				CLANG_WARN_SUSPICIOUS_MOVE = YES;
				CLANG_WARN_UNGUARDED_AVAILABILITY = YES_AGGRESSIVE;
				CLANG_WARN_UNREACHABLE_CODE = YES;
				CLANG_WARN__DUPLICATE_METHOD_MATCH = YES;
				CODE_SIGN_IDENTITY = "iPhone Developer";
				COPY_PHASE_STRIP = NO;
				DEBUG_INFORMATION_FORMAT = dwarf;
				ENABLE_STRICT_OBJC_MSGSEND = YES;
				ENABLE_TESTABILITY = YES;
				GCC_C_LANGUAGE_STANDARD = gnu11;
				GCC_DYNAMIC_NO_PIC = NO;
				GCC_NO_COMMON_BLOCKS = YES;
				GCC_OPTIMIZATION_LEVEL = 0;
				GCC_PREPROCESSOR_DEFINITIONS = (
					"DEBUG=1",
					"$(inherited)",
				);
				GCC_WARN_64_TO_32_BIT_CONVERSION = YES;
				GCC_WARN_ABOUT_RETURN_TYPE = YES_ERROR;
				GCC_WARN_UNDECLARED_SELECTOR = YES;
				GCC_WARN_UNINITIALIZED_AUTOS = YES_AGGRESSIVE;
				GCC_WARN_UNUSED_FUNCTION = YES;
				GCC_WARN_UNUSED_VARIABLE = YES;
				IPHONEOS_DEPLOYMENT_TARGET = 11.4;
				MTL_ENABLE_DEBUG_INFO = YES;
				ONLY_ACTIVE_ARCH = YES;
				SDKROOT = iphoneos;
				SWIFT_ACTIVE_COMPILATION_CONDITIONS = DEBUG;
				SWIFT_OPTIMIZATION_LEVEL = "-Onone";
			};
			name = Debug;
		};
		AA4F398B20FCD4DE0070AF85 /* Release */ = {
			isa = XCBuildConfiguration;
			buildSettings = {
				ALWAYS_SEARCH_USER_PATHS = NO;
				CLANG_ANALYZER_NONNULL = YES;
				CLANG_ANALYZER_NUMBER_OBJECT_CONVERSION = YES_AGGRESSIVE;
				CLANG_CXX_LANGUAGE_STANDARD = "gnu++14";
				CLANG_CXX_LIBRARY = "libc++";
				CLANG_ENABLE_MODULES = YES;
				CLANG_ENABLE_OBJC_ARC = YES;
				CLANG_ENABLE_OBJC_WEAK = YES;
				CLANG_WARN_BLOCK_CAPTURE_AUTORELEASING = YES;
				CLANG_WARN_BOOL_CONVERSION = YES;
				CLANG_WARN_COMMA = YES;
				CLANG_WARN_CONSTANT_CONVERSION = YES;
				CLANG_WARN_DEPRECATED_OBJC_IMPLEMENTATIONS = YES;
				CLANG_WARN_DIRECT_OBJC_ISA_USAGE = YES_ERROR;
				CLANG_WARN_DOCUMENTATION_COMMENTS = YES;
				CLANG_WARN_EMPTY_BODY = YES;
				CLANG_WARN_ENUM_CONVERSION = YES;
				CLANG_WARN_INFINITE_RECURSION = YES;
				CLANG_WARN_INT_CONVERSION = YES;
				CLANG_WARN_NON_LITERAL_NULL_CONVERSION = YES;
				CLANG_WARN_OBJC_IMPLICIT_RETAIN_SELF = YES;
				CLANG_WARN_OBJC_LITERAL_CONVERSION = YES;
				CLANG_WARN_OBJC_ROOT_CLASS = YES_ERROR;
				CLANG_WARN_RANGE_LOOP_ANALYSIS = YES;
				CLANG_WARN_STRICT_PROTOTYPES = YES;
				CLANG_WARN_SUSPICIOUS_MOVE = YES;
				CLANG_WARN_UNGUARDED_AVAILABILITY = YES_AGGRESSIVE;
				CLANG_WARN_UNREACHABLE_CODE = YES;
				CLANG_WARN__DUPLICATE_METHOD_MATCH = YES;
				CODE_SIGN_IDENTITY = "iPhone Developer";
				COPY_PHASE_STRIP = NO;
				DEBUG_INFORMATION_FORMAT = "dwarf-with-dsym";
				ENABLE_NS_ASSERTIONS = NO;
				ENABLE_STRICT_OBJC_MSGSEND = YES;
				GCC_C_LANGUAGE_STANDARD = gnu11;
				GCC_NO_COMMON_BLOCKS = YES;
				GCC_WARN_64_TO_32_BIT_CONVERSION = YES;
				GCC_WARN_ABOUT_RETURN_TYPE = YES_ERROR;
				GCC_WARN_UNDECLARED_SELECTOR = YES;
				GCC_WARN_UNINITIALIZED_AUTOS = YES_AGGRESSIVE;
				GCC_WARN_UNUSED_FUNCTION = YES;
				GCC_WARN_UNUSED_VARIABLE = YES;
				IPHONEOS_DEPLOYMENT_TARGET = 11.4;
				MTL_ENABLE_DEBUG_INFO = NO;
				SDKROOT = iphoneos;
				SWIFT_COMPILATION_MODE = wholemodule;
				SWIFT_OPTIMIZATION_LEVEL = "-O";
				VALIDATE_PRODUCT = YES;
			};
			name = Release;
		};
		AA4F398D20FCD4DE0070AF85 /* Debug */ = {
			isa = XCBuildConfiguration;
			buildSettings = {
				ASSETCATALOG_COMPILER_APPICON_NAME = AppIcon;
				CODE_SIGN_STYLE = Automatic;
				DEVELOPMENT_TEAM = 6D3DA9G4XW;
				INFOPLIST_FILE = LocalNotificationsExample/Info.plist;
				LD_RUNPATH_SEARCH_PATHS = (
					"$(inherited)",
					"@executable_path/Frameworks",
				);
				PRODUCT_BUNDLE_IDENTIFIER = com.cocoanutmobile.LocalNotificationsExample;
				PRODUCT_NAME = "$(TARGET_NAME)";
				SWIFT_VERSION = 4.0;
				TARGETED_DEVICE_FAMILY = "1,2";
			};
			name = Debug;
		};
		AA4F398E20FCD4DE0070AF85 /* Release */ = {
			isa = XCBuildConfiguration;
			buildSettings = {
				ASSETCATALOG_COMPILER_APPICON_NAME = AppIcon;
				CODE_SIGN_STYLE = Automatic;
				DEVELOPMENT_TEAM = 6D3DA9G4XW;
				INFOPLIST_FILE = LocalNotificationsExample/Info.plist;
				LD_RUNPATH_SEARCH_PATHS = (
					"$(inherited)",
					"@executable_path/Frameworks",
				);
				PRODUCT_BUNDLE_IDENTIFIER = com.cocoanutmobile.LocalNotificationsExample;
				PRODUCT_NAME = "$(TARGET_NAME)";
				SWIFT_VERSION = 4.0;
				TARGETED_DEVICE_FAMILY = "1,2";
			};
			name = Release;
		};
/* End XCBuildConfiguration section */

/* Begin XCConfigurationList section */
		AA4F397520FCD4DD0070AF85 /* Build configuration list for PBXProject "LocalNotificationsExample" */ = {
			isa = XCConfigurationList;
			buildConfigurations = (
				AA4F398A20FCD4DE0070AF85 /* Debug */,
				AA4F398B20FCD4DE0070AF85 /* Release */,
			);
			defaultConfigurationIsVisible = 0;
			defaultConfigurationName = Release;
		};
		AA4F398C20FCD4DE0070AF85 /* Build configuration list for PBXNativeTarget "LocalNotificationsExample" */ = {
			isa = XCConfigurationList;
			buildConfigurations = (
				AA4F398D20FCD4DE0070AF85 /* Debug */,
				AA4F398E20FCD4DE0070AF85 /* Release */,
			);
			defaultConfigurationIsVisible = 0;
			defaultConfigurationName = Release;
		};
/* End XCConfigurationList section */
	};
	rootObject = AA4F397220FCD4DD0070AF85 /* Project object */;
}
